
Microsoft Visual Studio Solution File, Format Version 12.00
# Visual Studio Version 16
VisualStudioVersion = 16.0.31515.178
MinimumVisualStudioVersion = 10.0.40219.1
Project("{FAE04EC0-301F-11D3-BF4B-00C04F79EFBC}") = "AtmWebApi", "AtmWebApi\AtmWebApi.csproj", "{0F1D4F08-63AD-4CB5-82ED-FC0DACF6097D}"
EndProject
Global
	GlobalSection(SolutionConfigurationPlatforms) = preSolution
		Debug|Any CPU = Debug|Any CPU
		Release|Any CPU = Release|Any CPU
	EndGlobalSection
	GlobalSection(ProjectConfigurationPlatforms) = postSolution
		{0F1D4F08-63AD-4CB5-82ED-FC0DACF6097D}.Debug|Any CPU.ActiveCfg = Debug|Any CPU
		{0F1D4F08-63AD-4CB5-82ED-FC0DACF6097D}.Debug|Any CPU.Build.0 = Debug|Any CPU
		{0F1D4F08-63AD-4CB5-82ED-FC0DACF6097D}.Release|Any CPU.ActiveCfg = Release|Any CPU
		{0F1D4F08-63AD-4CB5-82ED-FC0DACF6097D}.Release|Any CPU.Build.0 = Release|Any CPU
	EndGlobalSection
	GlobalSection(SolutionProperties) = preSolution
		HideSolutionNode = FALSE
	EndGlobalSection
	GlobalSection(ExtensibilityGlobals) = postSolution
		SolutionGuid = {2D068CA8-3E98-4829-B7F2-5132F3736F29}
	EndGlobalSection
EndGlobal
